
Microsoft Visual Studio Solution File, Format Version 12.00
# Visual Studio Version 17
VisualStudioVersion = 17.3.32922.545
MinimumVisualStudioVersion = 10.0.40219.1
Project("{2150E333-8FDC-42A3-9474-1A3956D46DE8}") = "FrontEnd", "FrontEnd", "{A89472EA-A6B1-47BE-B211-4ABA244F7F77}"
EndProject
Project("{2150E333-8FDC-42A3-9474-1A3956D46DE8}") = "Services", "Services", "{2B8665E7-99F2-466B-96B2-00C3E66F3DD8}"
EndProject
Project("{FAE04EC0-301F-11D3-BF4B-00C04F79EFBC}") = "GeekShopping.Web", "GeekShopping.Web\GeekShopping.Web.csproj", "{B00971B9-C10A-40E5-9938-214E1ECA87EE}"
EndProject
Project("{FAE04EC0-301F-11D3-BF4B-00C04F79EFBC}") = "GeekShopping.ProductAPI", "GeekShopping.ProductAPI\GeekShopping.ProductAPI.csproj", "{F059C503-1BCD-4B45-9C71-ACE4B43F8025}"
EndProject
Global
	GlobalSection(SolutionConfigurationPlatforms) = preSolution
		Debug|Any CPU = Debug|Any CPU
		Release|Any CPU = Release|Any CPU
	EndGlobalSection
	GlobalSection(ProjectConfigurationPlatforms) = postSolution
		{B00971B9-C10A-40E5-9938-214E1ECA87EE}.Debug|Any CPU.ActiveCfg = Debug|Any CPU
		{B00971B9-C10A-40E5-9938-214E1ECA87EE}.Debug|Any CPU.Build.0 = Debug|Any CPU
		{B00971B9-C10A-40E5-9938-214E1ECA87EE}.Release|Any CPU.ActiveCfg = Release|Any CPU
		{B00971B9-C10A-40E5-9938-214E1ECA87EE}.Release|Any CPU.Build.0 = Release|Any CPU
		{F059C503-1BCD-4B45-9C71-ACE4B43F8025}.Debug|Any CPU.ActiveCfg = Debug|Any CPU
		{F059C503-1BCD-4B45-9C71-ACE4B43F8025}.Debug|Any CPU.Build.0 = Debug|Any CPU
		{F059C503-1BCD-4B45-9C71-ACE4B43F8025}.Release|Any CPU.ActiveCfg = Release|Any CPU
		{F059C503-1BCD-4B45-9C71-ACE4B43F8025}.Release|Any CPU.Build.0 = Release|Any CPU
	EndGlobalSection
	GlobalSection(SolutionProperties) = preSolution
		HideSolutionNode = FALSE
	EndGlobalSection
	GlobalSection(NestedProjects) = preSolution
		{B00971B9-C10A-40E5-9938-214E1ECA87EE} = {A89472EA-A6B1-47BE-B211-4ABA244F7F77}
		{F059C503-1BCD-4B45-9C71-ACE4B43F8025} = {2B8665E7-99F2-466B-96B2-00C3E66F3DD8}
	EndGlobalSection
	GlobalSection(ExtensibilityGlobals) = postSolution
		SolutionGuid = {8713BE7B-273B-4FD3-9394-9DFFCA6F69FC}
	EndGlobalSection
EndGlobal
